
Microsoft Visual Studio Solution File, Format Version 12.00
# Visual Studio Version 17
VisualStudioVersion = 17.6.33815.320
MinimumVisualStudioVersion = 10.0.40219.1
Project("{FAE04EC0-301F-11D3-BF4B-00C04F79EFBC}") = "BackEndCuestionario", "BackEndCuestionario.csproj", "{DBE93172-718D-49D4-A92B-1C0F487DB147}"
EndProject
Global
	GlobalSection(SolutionConfigurationPlatforms) = preSolution
		Debug|Any CPU = Debug|Any CPU
		Release|Any CPU = Release|Any CPU
	EndGlobalSection
	GlobalSection(ProjectConfigurationPlatforms) = postSolution
		{DBE93172-718D-49D4-A92B-1C0F487DB147}.Debug|Any CPU.ActiveCfg = Debug|Any CPU
		{DBE93172-718D-49D4-A92B-1C0F487DB147}.Debug|Any CPU.Build.0 = Debug|Any CPU
		{DBE93172-718D-49D4-A92B-1C0F487DB147}.Release|Any CPU.ActiveCfg = Release|Any CPU
		{DBE93172-718D-49D4-A92B-1C0F487DB147}.Release|Any CPU.Build.0 = Release|Any CPU
	EndGlobalSection
	GlobalSection(SolutionProperties) = preSolution
		HideSolutionNode = FALSE
	EndGlobalSection
	GlobalSection(ExtensibilityGlobals) = postSolution
		SolutionGuid = {B2DD780B-E106-4B4C-BE48-D898CF586C28}
	EndGlobalSection
EndGlobal
